// !$*UTF8*$!
{
	archiveVersion = 1;
	classes = {
	};
	objectVersion = 50;
	objects = {

/* Begin PBXBuildFile section */
		19385529211EA51B00C3479B /* AppDelegate.swift in Sources */ = {isa = PBXBuildFile; fileRef = 19385528211EA51B00C3479B /* AppDelegate.swift */; };
		1938552B211EA51B00C3479B /* ViewController.swift in Sources */ = {isa = PBXBuildFile; fileRef = 1938552A211EA51B00C3479B /* ViewController.swift */; };
		1938552E211EA51B00C3479B /* Main.storyboard in Resources */ = {isa = PBXBuildFile; fileRef = 1938552C211EA51B00C3479B /* Main.storyboard */; };
		19385531211EA51B00C3479B /* Performance_Recorder.xcdatamodeld in Sources */ = {isa = PBXBuildFile; fileRef = 1938552F211EA51B00C3479B /* Performance_Recorder.xcdatamodeld */; };
		19385533211EA51C00C3479B /* Assets.xcassets in Resources */ = {isa = PBXBuildFile; fileRef = 19385532211EA51C00C3479B /* Assets.xcassets */; };
		19385536211EA51C00C3479B /* LaunchScreen.storyboard in Resources */ = {isa = PBXBuildFile; fileRef = 19385534211EA51C00C3479B /* LaunchScreen.storyboard */; };
/* End PBXBuildFile section */

/* Begin PBXFileReference section */
		19385525211EA51B00C3479B /* Performance Recorder.app */ = {isa = PBXFileReference; explicitFileType = wrapper.application; includeInIndex = 0; path = "Performance Recorder.app"; sourceTree = BUILT_PRODUCTS_DIR; };
		19385528211EA51B00C3479B /* AppDelegate.swift */ = {isa = PBXFileReference; lastKnownFileType = sourcecode.swift; path = AppDelegate.swift; sourceTree = "<group>"; };
		1938552A211EA51B00C3479B /* ViewController.swift */ = {isa = PBXFileReference; lastKnownFileType = sourcecode.swift; path = ViewController.swift; sourceTree = "<group>"; };
		1938552D211EA51B00C3479B /* Base */ = {isa = PBXFileReference; lastKnownFileType = file.storyboard; name = Base; path = Base.lproj/Main.storyboard; sourceTree = "<group>"; };
		19385530211EA51B00C3479B /* Performance_Recorder.xcdatamodel */ = {isa = PBXFileReference; lastKnownFileType = wrapper.xcdatamodel; path = Performance_Recorder.xcdatamodel; sourceTree = "<group>"; };
		19385532211EA51C00C3479B /* Assets.xcassets */ = {isa = PBXFileReference; lastKnownFileType = folder.assetcatalog; path = Assets.xcassets; sourceTree = "<group>"; };
		19385535211EA51C00C3479B /* Base */ = {isa = PBXFileReference; lastKnownFileType = file.storyboard; name = Base; path = Base.lproj/LaunchScreen.storyboard; sourceTree = "<group>"; };
		19385537211EA51C00C3479B /* Info.plist */ = {isa = PBXFileReference; lastKnownFileType = text.plist.xml; path = Info.plist; sourceTree = "<group>"; };
/* End PBXFileReference section */

/* Begin PBXFrameworksBuildPhase section */
		19385522211EA51B00C3479B /* Frameworks */ = {
			isa = PBXFrameworksBuildPhase;
			buildActionMask = 2147483647;
			files = (
			);
			runOnlyForDeploymentPostprocessing = 0;
		};
/* End PBXFrameworksBuildPhase section */

/* Begin PBXGroup section */
		1938551C211EA51B00C3479B = {
			isa = PBXGroup;
			children = (
				19385527211EA51B00C3479B /* Performance Recorder */,
				19385526211EA51B00C3479B /* Products */,
			);
			sourceTree = "<group>";
		};
		19385526211EA51B00C3479B /* Products */ = {
			isa = PBXGroup;
			children = (
				19385525211EA51B00C3479B /* Performance Recorder.app */,
			);
			name = Products;
			sourceTree = "<group>";
		};
		19385527211EA51B00C3479B /* Performance Recorder */ = {
			isa = PBXGroup;
			children = (
				19385528211EA51B00C3479B /* AppDelegate.swift */,
				1938552A211EA51B00C3479B /* ViewController.swift */,
				1938552C211EA51B00C3479B /* Main.storyboard */,
				19385532211EA51C00C3479B /* Assets.xcassets */,
				19385534211EA51C00C3479B /* LaunchScreen.storyboard */,
				19385537211EA51C00C3479B /* Info.plist */,
				1938552F211EA51B00C3479B /* Performance_Recorder.xcdatamodeld */,
			);
			path = "Performance Recorder";
			sourceTree = "<group>";
		};
/* End PBXGroup section */

/* Begin PBXNativeTarget section */
		19385524211EA51B00C3479B /* Performance Recorder */ = {
			isa = PBXNativeTarget;
			buildConfigurationList = 1938553A211EA51C00C3479B /* Build configuration list for PBXNativeTarget "Performance Recorder" */;
			buildPhases = (
				19385521211EA51B00C3479B /* Sources */,
				19385522211EA51B00C3479B /* Frameworks */,
				19385523211EA51B00C3479B /* Resources */,
			);
			buildRules = (
			);
			dependencies = (
			);
			name = "Performance Recorder";
			productName = "Performance Recorder";
			productReference = 19385525211EA51B00C3479B /* Performance Recorder.app */;
			productType = "com.apple.product-type.application";
		};
/* End PBXNativeTarget section */

/* Begin PBXProject section */
		1938551D211EA51B00C3479B /* Project object */ = {
			isa = PBXProject;
			attributes = {
				LastSwiftUpdateCheck = 0940;
				LastUpgradeCheck = 0940;
				ORGANIZATIONNAME = "Takuya Nakajima";
				TargetAttributes = {
					19385524211EA51B00C3479B = {
						CreatedOnToolsVersion = 9.4.1;
					};
				};
			};
			buildConfigurationList = 19385520211EA51B00C3479B /* Build configuration list for PBXProject "Performance Recorder" */;
			compatibilityVersion = "Xcode 9.3";
			developmentRegion = en;
			hasScannedForEncodings = 0;
			knownRegions = (
				en,
				Base,
			);
			mainGroup = 1938551C211EA51B00C3479B;
			productRefGroup = 19385526211EA51B00C3479B /* Products */;
			projectDirPath = "";
			projectRoot = "";
			targets = (
				19385524211EA51B00C3479B /* Performance Recorder */,
			);
		};
/* End PBXProject section */

/* Begin PBXResourcesBuildPhase section */
		19385523211EA51B00C3479B /* Resources */ = {
			isa = PBXResourcesBuildPhase;
			buildActionMask = 2147483647;
			files = (
				19385536211EA51C00C3479B /* LaunchScreen.storyboard in Resources */,
				19385533211EA51C00C3479B /* Assets.xcassets in Resources */,
				1938552E211EA51B00C3479B /* Main.storyboard in Resources */,
			);
			runOnlyForDeploymentPostprocessing = 0;
		};
/* End PBXResourcesBuildPhase section */

/* Begin PBXSourcesBuildPhase section */
		19385521211EA51B00C3479B /* Sources */ = {
			isa = PBXSourcesBuildPhase;
			buildActionMask = 2147483647;
			files = (
				1938552B211EA51B00C3479B /* ViewController.swift in Sources */,
				19385529211EA51B00C3479B /* AppDelegate.swift in Sources */,
				19385531211EA51B00C3479B /* Performance_Recorder.xcdatamodeld in Sources */,
			);
			runOnlyForDeploymentPostprocessing = 0;
		};
/* End PBXSourcesBuildPhase section */

/* Begin PBXVariantGroup section */
		1938552C211EA51B00C3479B /* Main.storyboard */ = {
			isa = PBXVariantGroup;
			children = (
				1938552D211EA51B00C3479B /* Base */,
			);
			name = Main.storyboard;
			sourceTree = "<group>";
		};
		19385534211EA51C00C3479B /* LaunchScreen.storyboard */ = {
			isa = PBXVariantGroup;
			children = (
				19385535211EA51C00C3479B /* Base */,
			);
			name = LaunchScreen.storyboard;
			sourceTree = "<group>";
		};
/* End PBXVariantGroup section */

/* Begin XCBuildConfiguration section */
		19385538211EA51C00C3479B /* Debug */ = {
			isa = XCBuildConfiguration;
			buildSettings = {
				ALWAYS_SEARCH_USER_PATHS = NO;
				CLANG_ANALYZER_NONNULL = YES;
				CLANG_ANALYZER_NUMBER_OBJECT_CONVERSION = YES_AGGRESSIVE;
				CLANG_CXX_LANGUAGE_STANDARD = "gnu++14";
				CLANG_CXX_LIBRARY = "libc++";
				CLANG_ENABLE_MODULES = YES;
				CLANG_ENABLE_OBJC_ARC = YES;
				CLANG_ENABLE_OBJC_WEAK = YES;
				CLANG_WARN_BLOCK_CAPTURE_AUTORELEASING = YES;
				CLANG_WARN_BOOL_CONVERSION = YES;
				CLANG_WARN_COMMA = YES;
				CLANG_WARN_CONSTANT_CONVERSION = YES;
				CLANG_WARN_DEPRECATED_OBJC_IMPLEMENTATIONS = YES;
				CLANG_WARN_DIRECT_OBJC_ISA_USAGE = YES_ERROR;
				CLANG_WARN_DOCUMENTATION_COMMENTS = YES;
				CLANG_WARN_EMPTY_BODY = YES;
				CLANG_WARN_ENUM_CONVERSION = YES;
				CLANG_WARN_INFINITE_RECURSION = YES;
				CLANG_WARN_INT_CONVERSION = YES;
				CLANG_WARN_NON_LITERAL_NULL_CONVERSION = YES;
				CLANG_WARN_OBJC_IMPLICIT_RETAIN_SELF = YES;
				CLANG_WARN_OBJC_LITERAL_CONVERSION = YES;
				CLANG_WARN_OBJC_ROOT_CLASS = YES_ERROR;
				CLANG_WARN_RANGE_LOOP_ANALYSIS = YES;
				CLANG_WARN_STRICT_PROTOTYPES = YES;
				CLANG_WARN_SUSPICIOUS_MOVE = YES;
				CLANG_WARN_UNGUARDED_AVAILABILITY = YES_AGGRESSIVE;
				CLANG_WARN_UNREACHABLE_CODE = YES;
				CLANG_WARN__DUPLICATE_METHOD_MATCH = YES;
				CODE_SIGN_IDENTITY = "iPhone Developer";
				COPY_PHASE_STRIP = NO;
				DEBUG_INFORMATION_FORMAT = dwarf;
				ENABLE_STRICT_OBJC_MSGSEND = YES;
				ENABLE_TESTABILITY = YES;
				GCC_C_LANGUAGE_STANDARD = gnu11;
				GCC_DYNAMIC_NO_PIC = NO;
				GCC_NO_COMMON_BLOCKS = YES;
				GCC_OPTIMIZATION_LEVEL = 0;
				GCC_PREPROCESSOR_DEFINITIONS = (
					"DEBUG=1",
					"$(inherited)",
				);
				GCC_WARN_64_TO_32_BIT_CONVERSION = YES;
				GCC_WARN_ABOUT_RETURN_TYPE = YES_ERROR;
				GCC_WARN_UNDECLARED_SELECTOR = YES;
				GCC_WARN_UNINITIALIZED_AUTOS = YES_AGGRESSIVE;
				GCC_WARN_UNUSED_FUNCTION = YES;
				GCC_WARN_UNUSED_VARIABLE = YES;
				IPHONEOS_DEPLOYMENT_TARGET = 11.4;
				MTL_ENABLE_DEBUG_INFO = YES;
				ONLY_ACTIVE_ARCH = YES;
				SDKROOT = iphoneos;
				SWIFT_ACTIVE_COMPILATION_CONDITIONS = DEBUG;
				SWIFT_OPTIMIZATION_LEVEL = "-Onone";
			};
			name = Debug;
		};
		19385539211EA51C00C3479B /* Release */ = {
			isa = XCBuildConfiguration;
			buildSettings = {
				ALWAYS_SEARCH_USER_PATHS = NO;
				CLANG_ANALYZER_NONNULL = YES;
				CLANG_ANALYZER_NUMBER_OBJECT_CONVERSION = YES_AGGRESSIVE;
				CLANG_CXX_LANGUAGE_STANDARD = "gnu++14";
				CLANG_CXX_LIBRARY = "libc++";
				CLANG_ENABLE_MODULES = YES;
				CLANG_ENABLE_OBJC_ARC = YES;
				CLANG_ENABLE_OBJC_WEAK = YES;
				CLANG_WARN_BLOCK_CAPTURE_AUTORELEASING = YES;
				CLANG_WARN_BOOL_CONVERSION = YES;
				CLANG_WARN_COMMA = YES;
				CLANG_WARN_CONSTANT_CONVERSION = YES;
				CLANG_WARN_DEPRECATED_OBJC_IMPLEMENTATIONS = YES;
				CLANG_WARN_DIRECT_OBJC_ISA_USAGE = YES_ERROR;
				CLANG_WARN_DOCUMENTATION_COMMENTS = YES;
				CLANG_WARN_EMPTY_BODY = YES;
				CLANG_WARN_ENUM_CONVERSION = YES;
				CLANG_WARN_INFINITE_RECURSION = YES;
				CLANG_WARN_INT_CONVERSION = YES;
				CLANG_WARN_NON_LITERAL_NULL_CONVERSION = YES;
				CLANG_WARN_OBJC_IMPLICIT_RETAIN_SELF = YES;
				CLANG_WARN_OBJC_LITERAL_CONVERSION = YES;
				CLANG_WARN_OBJC_ROOT_CLASS = YES_ERROR;
				CLANG_WARN_RANGE_LOOP_ANALYSIS = YES;
				CLANG_WARN_STRICT_PROTOTYPES = YES;
				CLANG_WARN_SUSPICIOUS_MOVE = YES;
				CLANG_WARN_UNGUARDED_AVAILABILITY = YES_AGGRESSIVE;
				CLANG_WARN_UNREACHABLE_CODE = YES;
				CLANG_WARN__DUPLICATE_METHOD_MATCH = YES;
				CODE_SIGN_IDENTITY = "iPhone Developer";
				COPY_PHASE_STRIP = NO;
				DEBUG_INFORMATION_FORMAT = "dwarf-with-dsym";
				ENABLE_NS_ASSERTIONS = NO;
				ENABLE_STRICT_OBJC_MSGSEND = YES;
				GCC_C_LANGUAGE_STANDARD = gnu11;
				GCC_NO_COMMON_BLOCKS = YES;
				GCC_WARN_64_TO_32_BIT_CONVERSION = YES;
				GCC_WARN_ABOUT_RETURN_TYPE = YES_ERROR;
				GCC_WARN_UNDECLARED_SELECTOR = YES;
				GCC_WARN_UNINITIALIZED_AUTOS = YES_AGGRESSIVE;
				GCC_WARN_UNUSED_FUNCTION = YES;
				GCC_WARN_UNUSED_VARIABLE = YES;
				IPHONEOS_DEPLOYMENT_TARGET = 11.4;
				MTL_ENABLE_DEBUG_INFO = NO;
				SDKROOT = iphoneos;
				SWIFT_COMPILATION_MODE = wholemodule;
				SWIFT_OPTIMIZATION_LEVEL = "-O";
				VALIDATE_PRODUCT = YES;
			};
			name = Release;
		};
		1938553B211EA51C00C3479B /* Debug */ = {
			isa = XCBuildConfiguration;
			buildSettings = {
				ASSETCATALOG_COMPILER_APPICON_NAME = AppIcon;
				CODE_SIGN_STYLE = Automatic;
				DEVELOPMENT_TEAM = U4W8PZAU69;
				INFOPLIST_FILE = "Performance Recorder/Info.plist";
				LD_RUNPATH_SEARCH_PATHS = (
					"$(inherited)",
					"@executable_path/Frameworks",
				);
				PRODUCT_BUNDLE_IDENTIFIER = "org.evelinks.Performance-Recorder";
				PRODUCT_NAME = "$(TARGET_NAME)";
				SWIFT_VERSION = 4.0;
				TARGETED_DEVICE_FAMILY = "1,2";
			};
			name = Debug;
		};
		1938553C211EA51C00C3479B /* Release */ = {
			isa = XCBuildConfiguration;
			buildSettings = {
				ASSETCATALOG_COMPILER_APPICON_NAME = AppIcon;
				CODE_SIGN_STYLE = Automatic;
				DEVELOPMENT_TEAM = U4W8PZAU69;
				INFOPLIST_FILE = "Performance Recorder/Info.plist";
				LD_RUNPATH_SEARCH_PATHS = (
					"$(inherited)",
					"@executable_path/Frameworks",
				);
				PRODUCT_BUNDLE_IDENTIFIER = "org.evelinks.Performance-Recorder";
				PRODUCT_NAME = "$(TARGET_NAME)";
				SWIFT_VERSION = 4.0;
				TARGETED_DEVICE_FAMILY = "1,2";
			};
			name = Release;
		};
/* End XCBuildConfiguration section */

/* Begin XCConfigurationList section */
		19385520211EA51B00C3479B /* Build configuration list for PBXProject "Performance Recorder" */ = {
			isa = XCConfigurationList;
			buildConfigurations = (
				19385538211EA51C00C3479B /* Debug */,
				19385539211EA51C00C3479B /* Release */,
			);
			defaultConfigurationIsVisible = 0;
			defaultConfigurationName = Release;
		};
		1938553A211EA51C00C3479B /* Build configuration list for PBXNativeTarget "Performance Recorder" */ = {
			isa = XCConfigurationList;
			buildConfigurations = (
				1938553B211EA51C00C3479B /* Debug */,
				1938553C211EA51C00C3479B /* Release */,
			);
			defaultConfigurationIsVisible = 0;
			defaultConfigurationName = Release;
		};
/* End XCConfigurationList section */

/* Begin XCVersionGroup section */
		1938552F211EA51B00C3479B /* Performance_Recorder.xcdatamodeld */ = {
			isa = XCVersionGroup;
			children = (
				19385530211EA51B00C3479B /* Performance_Recorder.xcdatamodel */,
			);
			currentVersion = 19385530211EA51B00C3479B /* Performance_Recorder.xcdatamodel */;
			path = Performance_Recorder.xcdatamodeld;
			sourceTree = "<group>";
			versionGroupType = wrapper.xcdatamodel;
		};
/* End XCVersionGroup section */
	};
	rootObject = 1938551D211EA51B00C3479B /* Project object */;
}
